
Microsoft Visual Studio Solution File, Format Version 12.00
# Visual Studio 15
VisualStudioVersion = 15.0.28307.757
MinimumVisualStudioVersion = 10.0.40219.1
Project("{8BC9CEB8-8B4A-11D0-8D11-00A0C91BC942}") = "Euler007", "Euler007\Euler007.vcxproj", "{73AA3395-508C-4E8E-AC12-74DF11C72F84}"
EndProject
Project("{8BC9CEB8-8B4A-11D0-8D11-00A0C91BC942}") = "Euler010", "Euler010\Euler010.vcxproj", "{B4B0477A-B4E1-4F80-A59B-09587342408B}"
EndProject
Project("{8BC9CEB8-8B4A-11D0-8D11-00A0C91BC942}") = "Euler005", "Euler005\Euler005.vcxproj", "{69E7DA02-0600-41C1-A6A2-A23307895725}"
EndProject
Project("{8BC9CEB8-8B4A-11D0-8D11-00A0C91BC942}") = "Euler008", "Euler008\Euler008.vcxproj", "{46E0A8CE-893E-4618-BC5C-DD0A151A7581}"
EndProject
Project("{8BC9CEB8-8B4A-11D0-8D11-00A0C91BC942}") = "Euler006", "Euler006\Euler006.vcxproj", "{EA86BD68-A2F0-416F-A488-A52890D7FC91}"
EndProject
Project("{8BC9CEB8-8B4A-11D0-8D11-00A0C91BC942}") = "Euler004", "Euler004\Euler004.vcxproj", "{058FA97B-2205-4186-8D87-B1786B4039A4}"
EndProject
Project("{8BC9CEB8-8B4A-11D0-8D11-00A0C91BC942}") = "Euler011", "Euler011\Euler011.vcxproj", "{EECD808C-6007-4CBA-B486-0F453A60DE7E}"
EndProject
Project("{8BC9CEB8-8B4A-11D0-8D11-00A0C91BC942}") = "Euler016", "Euler016\Euler016.vcxproj", "{66BA644E-C2D8-459F-8187-63FA05A37E1F}"
EndProject
Project("{8BC9CEB8-8B4A-11D0-8D11-00A0C91BC942}") = "Euler145", "Euler145\Euler145.vcxproj", "{CAB2FB32-4AFD-4675-92AF-B6FC9B7A359E}"
EndProject
Project("{8BC9CEB8-8B4A-11D0-8D11-00A0C91BC942}") = "Euler030", "Euler030\Euler030.vcxproj", "{B7F3EE61-9FC1-4D27-8905-4CD4E0F9736D}"
EndProject
Project("{8BC9CEB8-8B4A-11D0-8D11-00A0C91BC942}") = "Euler021", "Euler021\Euler021.vcxproj", "{A63432D2-D374-438D-8BFB-7ECB1361DABB}"
EndProject
Project("{8BC9CEB8-8B4A-11D0-8D11-00A0C91BC942}") = "Euler014", "Euler014\Euler014.vcxproj", "{CC5B617C-BFBF-4985-9203-0769EF293181}"
EndProject
Project("{8BC9CEB8-8B4A-11D0-8D11-00A0C91BC942}") = "Problem009", "Problem009\Problem009.vcxproj", "{D5C10C38-31F9-4CD0-9082-EBC433D2FEBF}"
EndProject
Project("{8BC9CEB8-8B4A-11D0-8D11-00A0C91BC942}") = "Euler020", "Euler020\Euler020.vcxproj", "{04657318-9A4D-48E3-AACA-4B6FA09268F1}"
EndProject
Project("{8BC9CEB8-8B4A-11D0-8D11-00A0C91BC942}") = "Euler012", "Euler012\Euler012.vcxproj", "{7E7485D4-27A7-4AD1-AFC2-34F87A8E5D29}"
EndProject
Project("{8BC9CEB8-8B4A-11D0-8D11-00A0C91BC942}") = "Euler031", "Euler031\Euler031.vcxproj", "{8D2BD18E-85F7-46B3-83CA-87C8B92A292C}"
EndProject
Project("{8BC9CEB8-8B4A-11D0-8D11-00A0C91BC942}") = "Euler034", "Euler034\Euler034.vcxproj", "{61A73A69-480C-4EAD-B449-C731749D43FE}"
EndProject
Project("{8BC9CEB8-8B4A-11D0-8D11-00A0C91BC942}") = "Euler017", "Euler017\Euler17.vcxproj", "{FF75BA73-C8C6-4D7A-8A15-DC790F20F524}"
EndProject
Global
	GlobalSection(SolutionConfigurationPlatforms) = preSolution
		Debug|x64 = Debug|x64
		Debug|x86 = Debug|x86
		Release|x64 = Release|x64
		Release|x86 = Release|x86
	EndGlobalSection
	GlobalSection(ProjectConfigurationPlatforms) = postSolution
		{73AA3395-508C-4E8E-AC12-74DF11C72F84}.Debug|x64.ActiveCfg = Debug|x64
		{73AA3395-508C-4E8E-AC12-74DF11C72F84}.Debug|x64.Build.0 = Debug|x64
		{73AA3395-508C-4E8E-AC12-74DF11C72F84}.Debug|x86.ActiveCfg = Debug|Win32
		{73AA3395-508C-4E8E-AC12-74DF11C72F84}.Debug|x86.Build.0 = Debug|Win32
		{73AA3395-508C-4E8E-AC12-74DF11C72F84}.Release|x64.ActiveCfg = Release|x64
		{73AA3395-508C-4E8E-AC12-74DF11C72F84}.Release|x64.Build.0 = Release|x64
		{73AA3395-508C-4E8E-AC12-74DF11C72F84}.Release|x86.ActiveCfg = Release|Win32
		{73AA3395-508C-4E8E-AC12-74DF11C72F84}.Release|x86.Build.0 = Release|Win32
		{B4B0477A-B4E1-4F80-A59B-09587342408B}.Debug|x64.ActiveCfg = Debug|x64
		{B4B0477A-B4E1-4F80-A59B-09587342408B}.Debug|x64.Build.0 = Debug|x64
		{B4B0477A-B4E1-4F80-A59B-09587342408B}.Debug|x86.ActiveCfg = Debug|Win32
		{B4B0477A-B4E1-4F80-A59B-09587342408B}.Debug|x86.Build.0 = Debug|Win32
		{B4B0477A-B4E1-4F80-A59B-09587342408B}.Release|x64.ActiveCfg = Release|x64
		{B4B0477A-B4E1-4F80-A59B-09587342408B}.Release|x64.Build.0 = Release|x64
		{B4B0477A-B4E1-4F80-A59B-09587342408B}.Release|x86.ActiveCfg = Release|Win32
		{B4B0477A-B4E1-4F80-A59B-09587342408B}.Release|x86.Build.0 = Release|Win32
		{69E7DA02-0600-41C1-A6A2-A23307895725}.Debug|x64.ActiveCfg = Debug|x64
		{69E7DA02-0600-41C1-A6A2-A23307895725}.Debug|x64.Build.0 = Debug|x64
		{69E7DA02-0600-41C1-A6A2-A23307895725}.Debug|x86.ActiveCfg = Debug|Win32
		{69E7DA02-0600-41C1-A6A2-A23307895725}.Debug|x86.Build.0 = Debug|Win32
		{69E7DA02-0600-41C1-A6A2-A23307895725}.Release|x64.ActiveCfg = Release|x64
		{69E7DA02-0600-41C1-A6A2-A23307895725}.Release|x64.Build.0 = Release|x64
		{69E7DA02-0600-41C1-A6A2-A23307895725}.Release|x86.ActiveCfg = Release|Win32
		{69E7DA02-0600-41C1-A6A2-A23307895725}.Release|x86.Build.0 = Release|Win32
		{46E0A8CE-893E-4618-BC5C-DD0A151A7581}.Debug|x64.ActiveCfg = Debug|x64
		{46E0A8CE-893E-4618-BC5C-DD0A151A7581}.Debug|x64.Build.0 = Debug|x64
		{46E0A8CE-893E-4618-BC5C-DD0A151A7581}.Debug|x86.ActiveCfg = Debug|Win32
		{46E0A8CE-893E-4618-BC5C-DD0A151A7581}.Debug|x86.Build.0 = Debug|Win32
		{46E0A8CE-893E-4618-BC5C-DD0A151A7581}.Release|x64.ActiveCfg = Release|x64
		{46E0A8CE-893E-4618-BC5C-DD0A151A7581}.Release|x64.Build.0 = Release|x64
		{46E0A8CE-893E-4618-BC5C-DD0A151A7581}.Release|x86.ActiveCfg = Release|Win32
		{46E0A8CE-893E-4618-BC5C-DD0A151A7581}.Release|x86.Build.0 = Release|Win32
		{EA86BD68-A2F0-416F-A488-A52890D7FC91}.Debug|x64.ActiveCfg = Debug|x64
		{EA86BD68-A2F0-416F-A488-A52890D7FC91}.Debug|x64.Build.0 = Debug|x64
		{EA86BD68-A2F0-416F-A488-A52890D7FC91}.Debug|x86.ActiveCfg = Debug|Win32
		{EA86BD68-A2F0-416F-A488-A52890D7FC91}.Debug|x86.Build.0 = Debug|Win32
		{EA86BD68-A2F0-416F-A488-A52890D7FC91}.Release|x64.ActiveCfg = Release|x64
		{EA86BD68-A2F0-416F-A488-A52890D7FC91}.Release|x64.Build.0 = Release|x64
		{EA86BD68-A2F0-416F-A488-A52890D7FC91}.Release|x86.ActiveCfg = Release|Win32
		{EA86BD68-A2F0-416F-A488-A52890D7FC91}.Release|x86.Build.0 = Release|Win32
		{058FA97B-2205-4186-8D87-B1786B4039A4}.Debug|x64.ActiveCfg = Debug|x64
		{058FA97B-2205-4186-8D87-B1786B4039A4}.Debug|x64.Build.0 = Debug|x64
		{058FA97B-2205-4186-8D87-B1786B4039A4}.Debug|x86.ActiveCfg = Debug|Win32
		{058FA97B-2205-4186-8D87-B1786B4039A4}.Debug|x86.Build.0 = Debug|Win32
		{058FA97B-2205-4186-8D87-B1786B4039A4}.Release|x64.ActiveCfg = Release|x64
		{058FA97B-2205-4186-8D87-B1786B4039A4}.Release|x64.Build.0 = Release|x64
		{058FA97B-2205-4186-8D87-B1786B4039A4}.Release|x86.ActiveCfg = Release|Win32
		{058FA97B-2205-4186-8D87-B1786B4039A4}.Release|x86.Build.0 = Release|Win32
		{EECD808C-6007-4CBA-B486-0F453A60DE7E}.Debug|x64.ActiveCfg = Debug|x64
		{EECD808C-6007-4CBA-B486-0F453A60DE7E}.Debug|x64.Build.0 = Debug|x64
		{EECD808C-6007-4CBA-B486-0F453A60DE7E}.Debug|x86.ActiveCfg = Debug|Win32
		{EECD808C-6007-4CBA-B486-0F453A60DE7E}.Debug|x86.Build.0 = Debug|Win32
		{EECD808C-6007-4CBA-B486-0F453A60DE7E}.Release|x64.ActiveCfg = Release|x64
		{EECD808C-6007-4CBA-B486-0F453A60DE7E}.Release|x64.Build.0 = Release|x64
		{EECD808C-6007-4CBA-B486-0F453A60DE7E}.Release|x86.ActiveCfg = Release|Win32
		{EECD808C-6007-4CBA-B486-0F453A60DE7E}.Release|x86.Build.0 = Release|Win32
		{66BA644E-C2D8-459F-8187-63FA05A37E1F}.Debug|x64.ActiveCfg = Debug|x64
		{66BA644E-C2D8-459F-8187-63FA05A37E1F}.Debug|x64.Build.0 = Debug|x64
		{66BA644E-C2D8-459F-8187-63FA05A37E1F}.Debug|x86.ActiveCfg = Debug|Win32
		{66BA644E-C2D8-459F-8187-63FA05A37E1F}.Debug|x86.Build.0 = Debug|Win32
		{66BA644E-C2D8-459F-8187-63FA05A37E1F}.Release|x64.ActiveCfg = Release|x64
		{66BA644E-C2D8-459F-8187-63FA05A37E1F}.Release|x64.Build.0 = Release|x64
		{66BA644E-C2D8-459F-8187-63FA05A37E1F}.Release|x86.ActiveCfg = Release|Win32
		{66BA644E-C2D8-459F-8187-63FA05A37E1F}.Release|x86.Build.0 = Release|Win32
		{CAB2FB32-4AFD-4675-92AF-B6FC9B7A359E}.Debug|x64.ActiveCfg = Debug|x64
		{CAB2FB32-4AFD-4675-92AF-B6FC9B7A359E}.Debug|x64.Build.0 = Debug|x64
		{CAB2FB32-4AFD-4675-92AF-B6FC9B7A359E}.Debug|x86.ActiveCfg = Debug|Win32
		{CAB2FB32-4AFD-4675-92AF-B6FC9B7A359E}.Debug|x86.Build.0 = Debug|Win32
		{CAB2FB32-4AFD-4675-92AF-B6FC9B7A359E}.Release|x64.ActiveCfg = Release|x64
		{CAB2FB32-4AFD-4675-92AF-B6FC9B7A359E}.Release|x64.Build.0 = Release|x64
		{CAB2FB32-4AFD-4675-92AF-B6FC9B7A359E}.Release|x86.ActiveCfg = Release|Win32
		{CAB2FB32-4AFD-4675-92AF-B6FC9B7A359E}.Release|x86.Build.0 = Release|Win32
		{B7F3EE61-9FC1-4D27-8905-4CD4E0F9736D}.Debug|x64.ActiveCfg = Debug|x64
		{B7F3EE61-9FC1-4D27-8905-4CD4E0F9736D}.Debug|x64.Build.0 = Debug|x64
		{B7F3EE61-9FC1-4D27-8905-4CD4E0F9736D}.Debug|x86.ActiveCfg = Debug|Win32
		{B7F3EE61-9FC1-4D27-8905-4CD4E0F9736D}.Debug|x86.Build.0 = Debug|Win32
		{B7F3EE61-9FC1-4D27-8905-4CD4E0F9736D}.Release|x64.ActiveCfg = Release|x64
		{B7F3EE61-9FC1-4D27-8905-4CD4E0F9736D}.Release|x64.Build.0 = Release|x64
		{B7F3EE61-9FC1-4D27-8905-4CD4E0F9736D}.Release|x86.ActiveCfg = Release|Win32
		{B7F3EE61-9FC1-4D27-8905-4CD4E0F9736D}.Release|x86.Build.0 = Release|Win32
		{A63432D2-D374-438D-8BFB-7ECB1361DABB}.Debug|x64.ActiveCfg = Debug|x64
		{A63432D2-D374-438D-8BFB-7ECB1361DABB}.Debug|x64.Build.0 = Debug|x64
		{A63432D2-D374-438D-8BFB-7ECB1361DABB}.Debug|x86.ActiveCfg = Debug|Win32
		{A63432D2-D374-438D-8BFB-7ECB1361DABB}.Debug|x86.Build.0 = Debug|Win32
		{A63432D2-D374-438D-8BFB-7ECB1361DABB}.Release|x64.ActiveCfg = Release|x64
		{A63432D2-D374-438D-8BFB-7ECB1361DABB}.Release|x64.Build.0 = Release|x64
		{A63432D2-D374-438D-8BFB-7ECB1361DABB}.Release|x86.ActiveCfg = Release|Win32
		{A63432D2-D374-438D-8BFB-7ECB1361DABB}.Release|x86.Build.0 = Release|Win32
		{CC5B617C-BFBF-4985-9203-0769EF293181}.Debug|x64.ActiveCfg = Debug|x64
		{CC5B617C-BFBF-4985-9203-0769EF293181}.Debug|x64.Build.0 = Debug|x64
		{CC5B617C-BFBF-4985-9203-0769EF293181}.Debug|x86.ActiveCfg = Debug|Win32
		{CC5B617C-BFBF-4985-9203-0769EF293181}.Debug|x86.Build.0 = Debug|Win32
		{CC5B617C-BFBF-4985-9203-0769EF293181}.Release|x64.ActiveCfg = Release|x64
		{CC5B617C-BFBF-4985-9203-0769EF293181}.Release|x64.Build.0 = Release|x64
		{CC5B617C-BFBF-4985-9203-0769EF293181}.Release|x86.ActiveCfg = Release|Win32
		{CC5B617C-BFBF-4985-9203-0769EF293181}.Release|x86.Build.0 = Release|Win32
		{D5C10C38-31F9-4CD0-9082-EBC433D2FEBF}.Debug|x64.ActiveCfg = Debug|x64
		{D5C10C38-31F9-4CD0-9082-EBC433D2FEBF}.Debug|x64.Build.0 = Debug|x64
		{D5C10C38-31F9-4CD0-9082-EBC433D2FEBF}.Debug|x86.ActiveCfg = Debug|Win32
		{D5C10C38-31F9-4CD0-9082-EBC433D2FEBF}.Debug|x86.Build.0 = Debug|Win32
		{D5C10C38-31F9-4CD0-9082-EBC433D2FEBF}.Release|x64.ActiveCfg = Release|x64
		{D5C10C38-31F9-4CD0-9082-EBC433D2FEBF}.Release|x64.Build.0 = Release|x64
		{D5C10C38-31F9-4CD0-9082-EBC433D2FEBF}.Release|x86.ActiveCfg = Release|Win32
		{D5C10C38-31F9-4CD0-9082-EBC433D2FEBF}.Release|x86.Build.0 = Release|Win32
		{04657318-9A4D-48E3-AACA-4B6FA09268F1}.Debug|x64.ActiveCfg = Debug|x64
		{04657318-9A4D-48E3-AACA-4B6FA09268F1}.Debug|x64.Build.0 = Debug|x64
		{04657318-9A4D-48E3-AACA-4B6FA09268F1}.Debug|x86.ActiveCfg = Debug|Win32
		{04657318-9A4D-48E3-AACA-4B6FA09268F1}.Debug|x86.Build.0 = Debug|Win32
		{04657318-9A4D-48E3-AACA-4B6FA09268F1}.Release|x64.ActiveCfg = Release|x64
		{04657318-9A4D-48E3-AACA-4B6FA09268F1}.Release|x64.Build.0 = Release|x64
		{04657318-9A4D-48E3-AACA-4B6FA09268F1}.Release|x86.ActiveCfg = Release|Win32
		{04657318-9A4D-48E3-AACA-4B6FA09268F1}.Release|x86.Build.0 = Release|Win32
		{7E7485D4-27A7-4AD1-AFC2-34F87A8E5D29}.Debug|x64.ActiveCfg = Debug|x64
		{7E7485D4-27A7-4AD1-AFC2-34F87A8E5D29}.Debug|x64.Build.0 = Debug|x64
		{7E7485D4-27A7-4AD1-AFC2-34F87A8E5D29}.Debug|x86.ActiveCfg = Debug|Win32
		{7E7485D4-27A7-4AD1-AFC2-34F87A8E5D29}.Debug|x86.Build.0 = Debug|Win32
		{7E7485D4-27A7-4AD1-AFC2-34F87A8E5D29}.Release|x64.ActiveCfg = Release|x64
		{7E7485D4-27A7-4AD1-AFC2-34F87A8E5D29}.Release|x64.Build.0 = Release|x64
		{7E7485D4-27A7-4AD1-AFC2-34F87A8E5D29}.Release|x86.ActiveCfg = Release|Win32
		{7E7485D4-27A7-4AD1-AFC2-34F87A8E5D29}.Release|x86.Build.0 = Release|Win32
		{8D2BD18E-85F7-46B3-83CA-87C8B92A292C}.Debug|x64.ActiveCfg = Debug|x64
		{8D2BD18E-85F7-46B3-83CA-87C8B92A292C}.Debug|x64.Build.0 = Debug|x64
		{8D2BD18E-85F7-46B3-83CA-87C8B92A292C}.Debug|x86.ActiveCfg = Debug|Win32
		{8D2BD18E-85F7-46B3-83CA-87C8B92A292C}.Debug|x86.Build.0 = Debug|Win32
		{8D2BD18E-85F7-46B3-83CA-87C8B92A292C}.Release|x64.ActiveCfg = Release|x64
		{8D2BD18E-85F7-46B3-83CA-87C8B92A292C}.Release|x64.Build.0 = Release|x64
		{8D2BD18E-85F7-46B3-83CA-87C8B92A292C}.Release|x86.ActiveCfg = Release|Win32
		{8D2BD18E-85F7-46B3-83CA-87C8B92A292C}.Release|x86.Build.0 = Release|Win32
		{61A73A69-480C-4EAD-B449-C731749D43FE}.Debug|x64.ActiveCfg = Debug|x64
		{61A73A69-480C-4EAD-B449-C731749D43FE}.Debug|x64.Build.0 = Debug|x64
		{61A73A69-480C-4EAD-B449-C731749D43FE}.Debug|x86.ActiveCfg = Debug|Win32
		{61A73A69-480C-4EAD-B449-C731749D43FE}.Debug|x86.Build.0 = Debug|Win32
		{61A73A69-480C-4EAD-B449-C731749D43FE}.Release|x64.ActiveCfg = Release|x64
		{61A73A69-480C-4EAD-B449-C731749D43FE}.Release|x64.Build.0 = Release|x64
		{61A73A69-480C-4EAD-B449-C731749D43FE}.Release|x86.ActiveCfg = Release|Win32
		{61A73A69-480C-4EAD-B449-C731749D43FE}.Release|x86.Build.0 = Release|Win32
		{FF75BA73-C8C6-4D7A-8A15-DC790F20F524}.Debug|x64.ActiveCfg = Debug|x64
		{FF75BA73-C8C6-4D7A-8A15-DC790F20F524}.Debug|x64.Build.0 = Debug|x64
		{FF75BA73-C8C6-4D7A-8A15-DC790F20F524}.Debug|x86.ActiveCfg = Debug|Win32
		{FF75BA73-C8C6-4D7A-8A15-DC790F20F524}.Debug|x86.Build.0 = Debug|Win32
		{FF75BA73-C8C6-4D7A-8A15-DC790F20F524}.Release|x64.ActiveCfg = Release|x64
		{FF75BA73-C8C6-4D7A-8A15-DC790F20F524}.Release|x64.Build.0 = Release|x64
		{FF75BA73-C8C6-4D7A-8A15-DC790F20F524}.Release|x86.ActiveCfg = Release|Win32
		{FF75BA73-C8C6-4D7A-8A15-DC790F20F524}.Release|x86.Build.0 = Release|Win32
	EndGlobalSection
	GlobalSection(SolutionProperties) = preSolution
		HideSolutionNode = FALSE
	EndGlobalSection
	GlobalSection(ExtensibilityGlobals) = postSolution
		SolutionGuid = {7D19A76E-7A05-4D28-B89A-4B49AB0DBF8F}
	EndGlobalSection
EndGlobal
