
Microsoft Visual Studio Solution File, Format Version 12.00
# Visual Studio 15
VisualStudioVersion = 15.0.28307.757
MinimumVisualStudioVersion = 10.0.40219.1
Project("{8BC9CEB8-8B4A-11D0-8D11-00A0C91BC942}") = "Euler007", "Euler007\Euler007.vcxproj", "{73AA3395-508C-4E8E-AC12-74DF11C72F84}"
EndProject
Project("{8BC9CEB8-8B4A-11D0-8D11-00A0C91BC942}") = "Euler010", "Euler010\Euler010.vcxproj", "{B4B0477A-B4E1-4F80-A59B-09587342408B}"
EndProject
Project("{8BC9CEB8-8B4A-11D0-8D11-00A0C91BC942}") = "Euler005", "Euler005\Euler005.vcxproj", "{69E7DA02-0600-41C1-A6A2-A23307895725}"
EndProject
Project("{8BC9CEB8-8B4A-11D0-8D11-00A0C91BC942}") = "Euler008", "Euler008\Euler008.vcxproj", "{46E0A8CE-893E-4618-BC5C-DD0A151A7581}"
EndProject
Project("{8BC9CEB8-8B4A-11D0-8D11-00A0C91BC942}") = "Euler006", "Euler006\Euler006.vcxproj", "{EA86BD68-A2F0-416F-A488-A52890D7FC91}"
EndProject
Project("{8BC9CEB8-8B4A-11D0-8D11-00A0C91BC942}") = "Euler004", "Euler004\Euler004.vcxproj", "{058FA97B-2205-4186-8D87-B1786B4039A4}"
EndProject
Project("{8BC9CEB8-8B4A-11D0-8D11-00A0C91BC942}") = "Euler011", "Euler011\Euler011.vcxproj", "{EECD808C-6007-4CBA-B486-0F453A60DE7E}"
EndProject
Project("{8BC9CEB8-8B4A-11D0-8D11-00A0C91BC942}") = "Euler016", "Euler016\Euler016.vcxproj", "{66BA644E-C2D8-459F-8187-63FA05A37E1F}"
EndProject
Project("{8BC9CEB8-8B4A-11D0-8D11-00A0C91BC942}") = "Euler145", "Euler145\Euler145.vcxproj", "{CAB2FB32-4AFD-4675-92AF-B6FC9B7A359E}"
EndProject
Global
	GlobalSection(SolutionConfigurationPlatforms) = preSolution
		Debug|x64 = Debug|x64
		Debug|x86 = Debug|x86
		Release|x64 = Release|x64
		Release|x86 = Release|x86
	EndGlobalSection
	GlobalSection(ProjectConfigurationPlatforms) = postSolution
		{73AA3395-508C-4E8E-AC12-74DF11C72F84}.Debug|x64.ActiveCfg = Debug|x64
		{73AA3395-508C-4E8E-AC12-74DF11C72F84}.Debug|x64.Build.0 = Debug|x64
		{73AA3395-508C-4E8E-AC12-74DF11C72F84}.Debug|x86.ActiveCfg = Debug|Win32
		{73AA3395-508C-4E8E-AC12-74DF11C72F84}.Debug|x86.Build.0 = Debug|Win32
		{73AA3395-508C-4E8E-AC12-74DF11C72F84}.Release|x64.ActiveCfg = Release|x64
		{73AA3395-508C-4E8E-AC12-74DF11C72F84}.Release|x64.Build.0 = Release|x64
		{73AA3395-508C-4E8E-AC12-74DF11C72F84}.Release|x86.ActiveCfg = Release|Win32
		{73AA3395-508C-4E8E-AC12-74DF11C72F84}.Release|x86.Build.0 = Release|Win32
		{B4B0477A-B4E1-4F80-A59B-09587342408B}.Debug|x64.ActiveCfg = Debug|x64
		{B4B0477A-B4E1-4F80-A59B-09587342408B}.Debug|x64.Build.0 = Debug|x64
		{B4B0477A-B4E1-4F80-A59B-09587342408B}.Debug|x86.ActiveCfg = Debug|Win32
		{B4B0477A-B4E1-4F80-A59B-09587342408B}.Debug|x86.Build.0 = Debug|Win32
		{B4B0477A-B4E1-4F80-A59B-09587342408B}.Release|x64.ActiveCfg = Release|x64
		{B4B0477A-B4E1-4F80-A59B-09587342408B}.Release|x64.Build.0 = Release|x64
		{B4B0477A-B4E1-4F80-A59B-09587342408B}.Release|x86.ActiveCfg = Release|Win32
		{B4B0477A-B4E1-4F80-A59B-09587342408B}.Release|x86.Build.0 = Release|Win32
		{69E7DA02-0600-41C1-A6A2-A23307895725}.Debug|x64.ActiveCfg = Debug|x64
		{69E7DA02-0600-41C1-A6A2-A23307895725}.Debug|x64.Build.0 = Debug|x64
		{69E7DA02-0600-41C1-A6A2-A23307895725}.Debug|x86.ActiveCfg = Debug|Win32
		{69E7DA02-0600-41C1-A6A2-A23307895725}.Debug|x86.Build.0 = Debug|Win32
		{69E7DA02-0600-41C1-A6A2-A23307895725}.Release|x64.ActiveCfg = Release|x64
		{69E7DA02-0600-41C1-A6A2-A23307895725}.Release|x64.Build.0 = Release|x64
		{69E7DA02-0600-41C1-A6A2-A23307895725}.Release|x86.ActiveCfg = Release|Win32
		{69E7DA02-0600-41C1-A6A2-A23307895725}.Release|x86.Build.0 = Release|Win32
		{46E0A8CE-893E-4618-BC5C-DD0A151A7581}.Debug|x64.ActiveCfg = Debug|x64
		{46E0A8CE-893E-4618-BC5C-DD0A151A7581}.Debug|x64.Build.0 = Debug|x64
		{46E0A8CE-893E-4618-BC5C-DD0A151A7581}.Debug|x86.ActiveCfg = Debug|Win32
		{46E0A8CE-893E-4618-BC5C-DD0A151A7581}.Debug|x86.Build.0 = Debug|Win32
		{46E0A8CE-893E-4618-BC5C-DD0A151A7581}.Release|x64.ActiveCfg = Release|x64
		{46E0A8CE-893E-4618-BC5C-DD0A151A7581}.Release|x64.Build.0 = Release|x64
		{46E0A8CE-893E-4618-BC5C-DD0A151A7581}.Release|x86.ActiveCfg = Release|Win32
		{46E0A8CE-893E-4618-BC5C-DD0A151A7581}.Release|x86.Build.0 = Release|Win32
		{EA86BD68-A2F0-416F-A488-A52890D7FC91}.Debug|x64.ActiveCfg = Debug|x64
		{EA86BD68-A2F0-416F-A488-A52890D7FC91}.Debug|x64.Build.0 = Debug|x64
		{EA86BD68-A2F0-416F-A488-A52890D7FC91}.Debug|x86.ActiveCfg = Debug|Win32
		{EA86BD68-A2F0-416F-A488-A52890D7FC91}.Debug|x86.Build.0 = Debug|Win32
		{EA86BD68-A2F0-416F-A488-A52890D7FC91}.Release|x64.ActiveCfg = Release|x64
		{EA86BD68-A2F0-416F-A488-A52890D7FC91}.Release|x64.Build.0 = Release|x64
		{EA86BD68-A2F0-416F-A488-A52890D7FC91}.Release|x86.ActiveCfg = Release|Win32
		{EA86BD68-A2F0-416F-A488-A52890D7FC91}.Release|x86.Build.0 = Release|Win32
		{058FA97B-2205-4186-8D87-B1786B4039A4}.Debug|x64.ActiveCfg = Debug|x64
		{058FA97B-2205-4186-8D87-B1786B4039A4}.Debug|x64.Build.0 = Debug|x64
		{058FA97B-2205-4186-8D87-B1786B4039A4}.Debug|x86.ActiveCfg = Debug|Win32
		{058FA97B-2205-4186-8D87-B1786B4039A4}.Debug|x86.Build.0 = Debug|Win32
		{058FA97B-2205-4186-8D87-B1786B4039A4}.Release|x64.ActiveCfg = Release|x64
		{058FA97B-2205-4186-8D87-B1786B4039A4}.Release|x64.Build.0 = Release|x64
		{058FA97B-2205-4186-8D87-B1786B4039A4}.Release|x86.ActiveCfg = Release|Win32
		{058FA97B-2205-4186-8D87-B1786B4039A4}.Release|x86.Build.0 = Release|Win32
		{EECD808C-6007-4CBA-B486-0F453A60DE7E}.Debug|x64.ActiveCfg = Debug|x64
		{EECD808C-6007-4CBA-B486-0F453A60DE7E}.Debug|x64.Build.0 = Debug|x64
		{EECD808C-6007-4CBA-B486-0F453A60DE7E}.Debug|x86.ActiveCfg = Debug|Win32
		{EECD808C-6007-4CBA-B486-0F453A60DE7E}.Debug|x86.Build.0 = Debug|Win32
		{EECD808C-6007-4CBA-B486-0F453A60DE7E}.Release|x64.ActiveCfg = Release|x64
		{EECD808C-6007-4CBA-B486-0F453A60DE7E}.Release|x64.Build.0 = Release|x64
		{EECD808C-6007-4CBA-B486-0F453A60DE7E}.Release|x86.ActiveCfg = Release|Win32
		{EECD808C-6007-4CBA-B486-0F453A60DE7E}.Release|x86.Build.0 = Release|Win32
		{66BA644E-C2D8-459F-8187-63FA05A37E1F}.Debug|x64.ActiveCfg = Debug|x64
		{66BA644E-C2D8-459F-8187-63FA05A37E1F}.Debug|x64.Build.0 = Debug|x64
		{66BA644E-C2D8-459F-8187-63FA05A37E1F}.Debug|x86.ActiveCfg = Debug|Win32
		{66BA644E-C2D8-459F-8187-63FA05A37E1F}.Debug|x86.Build.0 = Debug|Win32
		{66BA644E-C2D8-459F-8187-63FA05A37E1F}.Release|x64.ActiveCfg = Release|x64
		{66BA644E-C2D8-459F-8187-63FA05A37E1F}.Release|x64.Build.0 = Release|x64
		{66BA644E-C2D8-459F-8187-63FA05A37E1F}.Release|x86.ActiveCfg = Release|Win32
		{66BA644E-C2D8-459F-8187-63FA05A37E1F}.Release|x86.Build.0 = Release|Win32
		{CAB2FB32-4AFD-4675-92AF-B6FC9B7A359E}.Debug|x64.ActiveCfg = Debug|x64
		{CAB2FB32-4AFD-4675-92AF-B6FC9B7A359E}.Debug|x64.Build.0 = Debug|x64
		{CAB2FB32-4AFD-4675-92AF-B6FC9B7A359E}.Debug|x86.ActiveCfg = Debug|Win32
		{CAB2FB32-4AFD-4675-92AF-B6FC9B7A359E}.Debug|x86.Build.0 = Debug|Win32
		{CAB2FB32-4AFD-4675-92AF-B6FC9B7A359E}.Release|x64.ActiveCfg = Release|x64
		{CAB2FB32-4AFD-4675-92AF-B6FC9B7A359E}.Release|x64.Build.0 = Release|x64
		{CAB2FB32-4AFD-4675-92AF-B6FC9B7A359E}.Release|x86.ActiveCfg = Release|Win32
		{CAB2FB32-4AFD-4675-92AF-B6FC9B7A359E}.Release|x86.Build.0 = Release|Win32
	EndGlobalSection
	GlobalSection(SolutionProperties) = preSolution
		HideSolutionNode = FALSE
	EndGlobalSection
	GlobalSection(ExtensibilityGlobals) = postSolution
		SolutionGuid = {7D19A76E-7A05-4D28-B89A-4B49AB0DBF8F}
	EndGlobalSection
EndGlobal
